
Microsoft Visual Studio Solution File, Format Version 12.00
# Visual Studio 15
VisualStudioVersion = 15.0.28307.757
MinimumVisualStudioVersion = 10.0.40219.1
Project("{8BC9CEB8-8B4A-11D0-8D11-00A0C91BC942}") = "Pledge", "Pledge.vcxproj", "{7D386E2E-736A-4F28-AE9C-9C1EA97F0307}"
EndProject
Global
	GlobalSection(SolutionConfigurationPlatforms) = preSolution
		Debug|x64 = Debug|x64
		Debug|x86 = Debug|x86
		Release|x64 = Release|x64
		Release|x86 = Release|x86
	EndGlobalSection
	GlobalSection(ProjectConfigurationPlatforms) = postSolution
		{7D386E2E-736A-4F28-AE9C-9C1EA97F0307}.Debug|x64.ActiveCfg = Debug|x64
		{7D386E2E-736A-4F28-AE9C-9C1EA97F0307}.Debug|x64.Build.0 = Debug|x64
		{7D386E2E-736A-4F28-AE9C-9C1EA97F0307}.Debug|x86.ActiveCfg = Debug|Win32
		{7D386E2E-736A-4F28-AE9C-9C1EA97F0307}.Debug|x86.Build.0 = Debug|Win32
		{7D386E2E-736A-4F28-AE9C-9C1EA97F0307}.Release|x64.ActiveCfg = Release|x64
		{7D386E2E-736A-4F28-AE9C-9C1EA97F0307}.Release|x64.Build.0 = Release|x64
		{7D386E2E-736A-4F28-AE9C-9C1EA97F0307}.Release|x86.ActiveCfg = Release|Win32
		{7D386E2E-736A-4F28-AE9C-9C1EA97F0307}.Release|x86.Build.0 = Release|Win32
	EndGlobalSection
	GlobalSection(SolutionProperties) = preSolution
		HideSolutionNode = FALSE
	EndGlobalSection
	GlobalSection(ExtensibilityGlobals) = postSolution
		SolutionGuid = {58C7CD6F-0DC1-4689-AD49-C20C7BDE02C0}
	EndGlobalSection
EndGlobal
