
Microsoft Visual Studio Solution File, Format Version 12.00
# Visual Studio 15
VisualStudioVersion = 15.0.28307.757
MinimumVisualStudioVersion = 10.0.40219.1
Project("{8BC9CEB8-8B4A-11D0-8D11-00A0C91BC942}") = "Colour1", "Colour1.vcxproj", "{E2F1A65B-425A-4624-B1B3-BDD13A748043}"
EndProject
Global
	GlobalSection(SolutionConfigurationPlatforms) = preSolution
		Debug|x64 = Debug|x64
		Debug|x86 = Debug|x86
		Release|x64 = Release|x64
		Release|x86 = Release|x86
	EndGlobalSection
	GlobalSection(ProjectConfigurationPlatforms) = postSolution
		{E2F1A65B-425A-4624-B1B3-BDD13A748043}.Debug|x64.ActiveCfg = Debug|x64
		{E2F1A65B-425A-4624-B1B3-BDD13A748043}.Debug|x64.Build.0 = Debug|x64
		{E2F1A65B-425A-4624-B1B3-BDD13A748043}.Debug|x86.ActiveCfg = Debug|Win32
		{E2F1A65B-425A-4624-B1B3-BDD13A748043}.Debug|x86.Build.0 = Debug|Win32
		{E2F1A65B-425A-4624-B1B3-BDD13A748043}.Release|x64.ActiveCfg = Release|x64
		{E2F1A65B-425A-4624-B1B3-BDD13A748043}.Release|x64.Build.0 = Release|x64
		{E2F1A65B-425A-4624-B1B3-BDD13A748043}.Release|x86.ActiveCfg = Release|Win32
		{E2F1A65B-425A-4624-B1B3-BDD13A748043}.Release|x86.Build.0 = Release|Win32
	EndGlobalSection
	GlobalSection(SolutionProperties) = preSolution
		HideSolutionNode = FALSE
	EndGlobalSection
	GlobalSection(ExtensibilityGlobals) = postSolution
		SolutionGuid = {3F2E3492-CE77-44AB-8E7B-A7DFEEB7D6B1}
	EndGlobalSection
EndGlobal
